// !$*UTF8*$!
{
	archiveVersion = 1;
	classes = {
	};
	objectVersion = 50;
	objects = {

/* Begin PBXBuildFile section */
		2C40803625162A9700E8614A /* AppDelegate.swift in Sources */ = {isa = PBXBuildFile; fileRef = 2C40803525162A9700E8614A /* AppDelegate.swift */; };
		2C40803825162A9700E8614A /* SceneDelegate.swift in Sources */ = {isa = PBXBuildFile; fileRef = 2C40803725162A9700E8614A /* SceneDelegate.swift */; };
		2C40803A25162A9700E8614A /* ViewController.swift in Sources */ = {isa = PBXBuildFile; fileRef = 2C40803925162A9700E8614A /* ViewController.swift */; };
		2C40803D25162A9700E8614A /* Main.storyboard in Resources */ = {isa = PBXBuildFile; fileRef = 2C40803B25162A9700E8614A /* Main.storyboard */; };
		2C40803F25162A9A00E8614A /* Assets.xcassets in Resources */ = {isa = PBXBuildFile; fileRef = 2C40803E25162A9A00E8614A /* Assets.xcassets */; };
		2C40804225162A9A00E8614A /* LaunchScreen.storyboard in Resources */ = {isa = PBXBuildFile; fileRef = 2C40804025162A9A00E8614A /* LaunchScreen.storyboard */; };
		2C40804D25162A9B00E8614A /* AccelerometerTests.swift in Sources */ = {isa = PBXBuildFile; fileRef = 2C40804C25162A9B00E8614A /* AccelerometerTests.swift */; };
		2C40805825162A9B00E8614A /* AccelerometerUITests.swift in Sources */ = {isa = PBXBuildFile; fileRef = 2C40805725162A9B00E8614A /* AccelerometerUITests.swift */; };
		2C40806B25164F0900E8614A /* awa.png in Resources */ = {isa = PBXBuildFile; fileRef = 2C40806925164F0900E8614A /* awa.png */; };
		2C40806C25164F0900E8614A /* suiheiki.png in Resources */ = {isa = PBXBuildFile; fileRef = 2C40806A25164F0900E8614A /* suiheiki.png */; };
		2C4080712516F74400E8614A /* GameViewController.swift in Sources */ = {isa = PBXBuildFile; fileRef = 2C4080702516F74400E8614A /* GameViewController.swift */; };
		2C4080762516F75500E8614A /* ResultViewController.swift in Sources */ = {isa = PBXBuildFile; fileRef = 2C4080752516F75500E8614A /* ResultViewController.swift */; };
/* End PBXBuildFile section */

/* Begin PBXContainerItemProxy section */
		2C40804925162A9B00E8614A /* PBXContainerItemProxy */ = {
			isa = PBXContainerItemProxy;
			containerPortal = 2C40802A25162A9700E8614A /* Project object */;
			proxyType = 1;
			remoteGlobalIDString = 2C40803125162A9700E8614A;
			remoteInfo = Accelerometer;
		};
		2C40805425162A9B00E8614A /* PBXContainerItemProxy */ = {
			isa = PBXContainerItemProxy;
			containerPortal = 2C40802A25162A9700E8614A /* Project object */;
			proxyType = 1;
			remoteGlobalIDString = 2C40803125162A9700E8614A;
			remoteInfo = Accelerometer;
		};
/* End PBXContainerItemProxy section */

/* Begin PBXFileReference section */
		2C40803225162A9700E8614A /* Accelerometer.app */ = {isa = PBXFileReference; explicitFileType = wrapper.application; includeInIndex = 0; path = Accelerometer.app; sourceTree = BUILT_PRODUCTS_DIR; };
		2C40803525162A9700E8614A /* AppDelegate.swift */ = {isa = PBXFileReference; lastKnownFileType = sourcecode.swift; path = AppDelegate.swift; sourceTree = "<group>"; };
		2C40803725162A9700E8614A /* SceneDelegate.swift */ = {isa = PBXFileReference; lastKnownFileType = sourcecode.swift; path = SceneDelegate.swift; sourceTree = "<group>"; };
		2C40803925162A9700E8614A /* ViewController.swift */ = {isa = PBXFileReference; lastKnownFileType = sourcecode.swift; path = ViewController.swift; sourceTree = "<group>"; };
		2C40803C25162A9700E8614A /* Base */ = {isa = PBXFileReference; lastKnownFileType = file.storyboard; name = Base; path = Base.lproj/Main.storyboard; sourceTree = "<group>"; };
		2C40803E25162A9A00E8614A /* Assets.xcassets */ = {isa = PBXFileReference; lastKnownFileType = folder.assetcatalog; path = Assets.xcassets; sourceTree = "<group>"; };
		2C40804125162A9A00E8614A /* Base */ = {isa = PBXFileReference; lastKnownFileType = file.storyboard; name = Base; path = Base.lproj/LaunchScreen.storyboard; sourceTree = "<group>"; };
		2C40804325162A9A00E8614A /* Info.plist */ = {isa = PBXFileReference; lastKnownFileType = text.plist.xml; path = Info.plist; sourceTree = "<group>"; };
		2C40804825162A9B00E8614A /* AccelerometerTests.xctest */ = {isa = PBXFileReference; explicitFileType = wrapper.cfbundle; includeInIndex = 0; path = AccelerometerTests.xctest; sourceTree = BUILT_PRODUCTS_DIR; };
		2C40804C25162A9B00E8614A /* AccelerometerTests.swift */ = {isa = PBXFileReference; lastKnownFileType = sourcecode.swift; path = AccelerometerTests.swift; sourceTree = "<group>"; };
		2C40804E25162A9B00E8614A /* Info.plist */ = {isa = PBXFileReference; lastKnownFileType = text.plist.xml; path = Info.plist; sourceTree = "<group>"; };
		2C40805325162A9B00E8614A /* AccelerometerUITests.xctest */ = {isa = PBXFileReference; explicitFileType = wrapper.cfbundle; includeInIndex = 0; path = AccelerometerUITests.xctest; sourceTree = BUILT_PRODUCTS_DIR; };
		2C40805725162A9B00E8614A /* AccelerometerUITests.swift */ = {isa = PBXFileReference; lastKnownFileType = sourcecode.swift; path = AccelerometerUITests.swift; sourceTree = "<group>"; };
		2C40805925162A9B00E8614A /* Info.plist */ = {isa = PBXFileReference; lastKnownFileType = text.plist.xml; path = Info.plist; sourceTree = "<group>"; };
		2C40806925164F0900E8614A /* awa.png */ = {isa = PBXFileReference; lastKnownFileType = image.png; path = awa.png; sourceTree = "<group>"; };
		2C40806A25164F0900E8614A /* suiheiki.png */ = {isa = PBXFileReference; lastKnownFileType = image.png; path = suiheiki.png; sourceTree = "<group>"; };
		2C4080702516F74400E8614A /* GameViewController.swift */ = {isa = PBXFileReference; lastKnownFileType = sourcecode.swift; path = GameViewController.swift; sourceTree = "<group>"; };
		2C4080752516F75500E8614A /* ResultViewController.swift */ = {isa = PBXFileReference; lastKnownFileType = sourcecode.swift; path = ResultViewController.swift; sourceTree = "<group>"; };
/* End PBXFileReference section */

/* Begin PBXFrameworksBuildPhase section */
		2C40802F25162A9700E8614A /* Frameworks */ = {
			isa = PBXFrameworksBuildPhase;
			buildActionMask = 2147483647;
			files = (
			);
			runOnlyForDeploymentPostprocessing = 0;
		};
		2C40804525162A9B00E8614A /* Frameworks */ = {
			isa = PBXFrameworksBuildPhase;
			buildActionMask = 2147483647;
			files = (
			);
			runOnlyForDeploymentPostprocessing = 0;
		};
		2C40805025162A9B00E8614A /* Frameworks */ = {
			isa = PBXFrameworksBuildPhase;
			buildActionMask = 2147483647;
			files = (
			);
			runOnlyForDeploymentPostprocessing = 0;
		};
/* End PBXFrameworksBuildPhase section */

/* Begin PBXGroup section */
		2C40802925162A9700E8614A = {
			isa = PBXGroup;
			children = (
				2C40803425162A9700E8614A /* Accelerometer */,
				2C40804B25162A9B00E8614A /* AccelerometerTests */,
				2C40805625162A9B00E8614A /* AccelerometerUITests */,
				2C40803325162A9700E8614A /* Products */,
			);
			sourceTree = "<group>";
		};
		2C40803325162A9700E8614A /* Products */ = {
			isa = PBXGroup;
			children = (
				2C40803225162A9700E8614A /* Accelerometer.app */,
				2C40804825162A9B00E8614A /* AccelerometerTests.xctest */,
				2C40805325162A9B00E8614A /* AccelerometerUITests.xctest */,
			);
			name = Products;
			sourceTree = "<group>";
		};
		2C40803425162A9700E8614A /* Accelerometer */ = {
			isa = PBXGroup;
			children = (
				2C40806825164F0900E8614A /* 13_Resource */,
				2C40803525162A9700E8614A /* AppDelegate.swift */,
				2C40803725162A9700E8614A /* SceneDelegate.swift */,
				2C40803925162A9700E8614A /* ViewController.swift */,
				2C40803B25162A9700E8614A /* Main.storyboard */,
				2C40803E25162A9A00E8614A /* Assets.xcassets */,
				2C40804025162A9A00E8614A /* LaunchScreen.storyboard */,
				2C40804325162A9A00E8614A /* Info.plist */,
				2C4080702516F74400E8614A /* GameViewController.swift */,
				2C4080752516F75500E8614A /* ResultViewController.swift */,
			);
			path = Accelerometer;
			sourceTree = "<group>";
		};
		2C40804B25162A9B00E8614A /* AccelerometerTests */ = {
			isa = PBXGroup;
			children = (
				2C40804C25162A9B00E8614A /* AccelerometerTests.swift */,
				2C40804E25162A9B00E8614A /* Info.plist */,
			);
			path = AccelerometerTests;
			sourceTree = "<group>";
		};
		2C40805625162A9B00E8614A /* AccelerometerUITests */ = {
			isa = PBXGroup;
			children = (
				2C40805725162A9B00E8614A /* AccelerometerUITests.swift */,
				2C40805925162A9B00E8614A /* Info.plist */,
			);
			path = AccelerometerUITests;
			sourceTree = "<group>";
		};
		2C40806825164F0900E8614A /* 13_Resource */ = {
			isa = PBXGroup;
			children = (
				2C40806925164F0900E8614A /* awa.png */,
				2C40806A25164F0900E8614A /* suiheiki.png */,
			);
			path = 13_Resource;
			sourceTree = "<group>";
		};
/* End PBXGroup section */

/* Begin PBXNativeTarget section */
		2C40803125162A9700E8614A /* Accelerometer */ = {
			isa = PBXNativeTarget;
			buildConfigurationList = 2C40805C25162A9B00E8614A /* Build configuration list for PBXNativeTarget "Accelerometer" */;
			buildPhases = (
				2C40802E25162A9700E8614A /* Sources */,
				2C40802F25162A9700E8614A /* Frameworks */,
				2C40803025162A9700E8614A /* Resources */,
			);
			buildRules = (
			);
			dependencies = (
			);
			name = Accelerometer;
			productName = Accelerometer;
			productReference = 2C40803225162A9700E8614A /* Accelerometer.app */;
			productType = "com.apple.product-type.application";
		};
		2C40804725162A9B00E8614A /* AccelerometerTests */ = {
			isa = PBXNativeTarget;
			buildConfigurationList = 2C40805F25162A9B00E8614A /* Build configuration list for PBXNativeTarget "AccelerometerTests" */;
			buildPhases = (
				2C40804425162A9B00E8614A /* Sources */,
				2C40804525162A9B00E8614A /* Frameworks */,
				2C40804625162A9B00E8614A /* Resources */,
			);
			buildRules = (
			);
			dependencies = (
				2C40804A25162A9B00E8614A /* PBXTargetDependency */,
			);
			name = AccelerometerTests;
			productName = AccelerometerTests;
			productReference = 2C40804825162A9B00E8614A /* AccelerometerTests.xctest */;
			productType = "com.apple.product-type.bundle.unit-test";
		};
		2C40805225162A9B00E8614A /* AccelerometerUITests */ = {
			isa = PBXNativeTarget;
			buildConfigurationList = 2C40806225162A9B00E8614A /* Build configuration list for PBXNativeTarget "AccelerometerUITests" */;
			buildPhases = (
				2C40804F25162A9B00E8614A /* Sources */,
				2C40805025162A9B00E8614A /* Frameworks */,
				2C40805125162A9B00E8614A /* Resources */,
			);
			buildRules = (
			);
			dependencies = (
				2C40805525162A9B00E8614A /* PBXTargetDependency */,
			);
			name = AccelerometerUITests;
			productName = AccelerometerUITests;
			productReference = 2C40805325162A9B00E8614A /* AccelerometerUITests.xctest */;
			productType = "com.apple.product-type.bundle.ui-testing";
		};
/* End PBXNativeTarget section */

/* Begin PBXProject section */
		2C40802A25162A9700E8614A /* Project object */ = {
			isa = PBXProject;
			attributes = {
				LastSwiftUpdateCheck = 1200;
				LastUpgradeCheck = 1200;
				TargetAttributes = {
					2C40803125162A9700E8614A = {
						CreatedOnToolsVersion = 12.0;
					};
					2C40804725162A9B00E8614A = {
						CreatedOnToolsVersion = 12.0;
						TestTargetID = 2C40803125162A9700E8614A;
					};
					2C40805225162A9B00E8614A = {
						CreatedOnToolsVersion = 12.0;
						TestTargetID = 2C40803125162A9700E8614A;
					};
				};
			};
			buildConfigurationList = 2C40802D25162A9700E8614A /* Build configuration list for PBXProject "Accelerometer" */;
			compatibilityVersion = "Xcode 9.3";
			developmentRegion = en;
			hasScannedForEncodings = 0;
			knownRegions = (
				en,
				Base,
			);
			mainGroup = 2C40802925162A9700E8614A;
			productRefGroup = 2C40803325162A9700E8614A /* Products */;
			projectDirPath = "";
			projectRoot = "";
			targets = (
				2C40803125162A9700E8614A /* Accelerometer */,
				2C40804725162A9B00E8614A /* AccelerometerTests */,
				2C40805225162A9B00E8614A /* AccelerometerUITests */,
			);
		};
/* End PBXProject section */

/* Begin PBXResourcesBuildPhase section */
		2C40803025162A9700E8614A /* Resources */ = {
			isa = PBXResourcesBuildPhase;
			buildActionMask = 2147483647;
			files = (
				2C40804225162A9A00E8614A /* LaunchScreen.storyboard in Resources */,
				2C40803F25162A9A00E8614A /* Assets.xcassets in Resources */,
				2C40806C25164F0900E8614A /* suiheiki.png in Resources */,
				2C40803D25162A9700E8614A /* Main.storyboard in Resources */,
				2C40806B25164F0900E8614A /* awa.png in Resources */,
			);
			runOnlyForDeploymentPostprocessing = 0;
		};
		2C40804625162A9B00E8614A /* Resources */ = {
			isa = PBXResourcesBuildPhase;
			buildActionMask = 2147483647;
			files = (
			);
			runOnlyForDeploymentPostprocessing = 0;
		};
		2C40805125162A9B00E8614A /* Resources */ = {
			isa = PBXResourcesBuildPhase;
			buildActionMask = 2147483647;
			files = (
			);
			runOnlyForDeploymentPostprocessing = 0;
		};
/* End PBXResourcesBuildPhase section */

/* Begin PBXSourcesBuildPhase section */
		2C40802E25162A9700E8614A /* Sources */ = {
			isa = PBXSourcesBuildPhase;
			buildActionMask = 2147483647;
			files = (
				2C4080762516F75500E8614A /* ResultViewController.swift in Sources */,
				2C4080712516F74400E8614A /* GameViewController.swift in Sources */,
				2C40803A25162A9700E8614A /* ViewController.swift in Sources */,
				2C40803625162A9700E8614A /* AppDelegate.swift in Sources */,
				2C40803825162A9700E8614A /* SceneDelegate.swift in Sources */,
			);
			runOnlyForDeploymentPostprocessing = 0;
		};
		2C40804425162A9B00E8614A /* Sources */ = {
			isa = PBXSourcesBuildPhase;
			buildActionMask = 2147483647;
			files = (
				2C40804D25162A9B00E8614A /* AccelerometerTests.swift in Sources */,
			);
			runOnlyForDeploymentPostprocessing = 0;
		};
		2C40804F25162A9B00E8614A /* Sources */ = {
			isa = PBXSourcesBuildPhase;
			buildActionMask = 2147483647;
			files = (
				2C40805825162A9B00E8614A /* AccelerometerUITests.swift in Sources */,
			);
			runOnlyForDeploymentPostprocessing = 0;
		};
/* End PBXSourcesBuildPhase section */

/* Begin PBXTargetDependency section */
		2C40804A25162A9B00E8614A /* PBXTargetDependency */ = {
			isa = PBXTargetDependency;
			target = 2C40803125162A9700E8614A /* Accelerometer */;
			targetProxy = 2C40804925162A9B00E8614A /* PBXContainerItemProxy */;
		};
		2C40805525162A9B00E8614A /* PBXTargetDependency */ = {
			isa = PBXTargetDependency;
			target = 2C40803125162A9700E8614A /* Accelerometer */;
			targetProxy = 2C40805425162A9B00E8614A /* PBXContainerItemProxy */;
		};
/* End PBXTargetDependency section */

/* Begin PBXVariantGroup section */
		2C40803B25162A9700E8614A /* Main.storyboard */ = {
			isa = PBXVariantGroup;
			children = (
				2C40803C25162A9700E8614A /* Base */,
			);
			name = Main.storyboard;
			sourceTree = "<group>";
		};
		2C40804025162A9A00E8614A /* LaunchScreen.storyboard */ = {
			isa = PBXVariantGroup;
			children = (
				2C40804125162A9A00E8614A /* Base */,
			);
			name = LaunchScreen.storyboard;
			sourceTree = "<group>";
		};
/* End PBXVariantGroup section */

/* Begin XCBuildConfiguration section */
		2C40805A25162A9B00E8614A /* Debug */ = {
			isa = XCBuildConfiguration;
			buildSettings = {
				ALWAYS_SEARCH_USER_PATHS = NO;
				CLANG_ANALYZER_NONNULL = YES;
				CLANG_ANALYZER_NUMBER_OBJECT_CONVERSION = YES_AGGRESSIVE;
				CLANG_CXX_LANGUAGE_STANDARD = "gnu++14";
				CLANG_CXX_LIBRARY = "libc++";
				CLANG_ENABLE_MODULES = YES;
				CLANG_ENABLE_OBJC_ARC = YES;
				CLANG_ENABLE_OBJC_WEAK = YES;
				CLANG_WARN_BLOCK_CAPTURE_AUTORELEASING = YES;
				CLANG_WARN_BOOL_CONVERSION = YES;
				CLANG_WARN_COMMA = YES;
				CLANG_WARN_CONSTANT_CONVERSION = YES;
				CLANG_WARN_DEPRECATED_OBJC_IMPLEMENTATIONS = YES;
				CLANG_WARN_DIRECT_OBJC_ISA_USAGE = YES_ERROR;
				CLANG_WARN_DOCUMENTATION_COMMENTS = YES;
				CLANG_WARN_EMPTY_BODY = YES;
				CLANG_WARN_ENUM_CONVERSION = YES;
				CLANG_WARN_INFINITE_RECURSION = YES;
				CLANG_WARN_INT_CONVERSION = YES;
				CLANG_WARN_NON_LITERAL_NULL_CONVERSION = YES;
				CLANG_WARN_OBJC_IMPLICIT_RETAIN_SELF = YES;
				CLANG_WARN_OBJC_LITERAL_CONVERSION = YES;
				CLANG_WARN_OBJC_ROOT_CLASS = YES_ERROR;
				CLANG_WARN_QUOTED_INCLUDE_IN_FRAMEWORK_HEADER = YES;
				CLANG_WARN_RANGE_LOOP_ANALYSIS = YES;
				CLANG_WARN_STRICT_PROTOTYPES = YES;
				CLANG_WARN_SUSPICIOUS_MOVE = YES;
				CLANG_WARN_UNGUARDED_AVAILABILITY = YES_AGGRESSIVE;
				CLANG_WARN_UNREACHABLE_CODE = YES;
				CLANG_WARN__DUPLICATE_METHOD_MATCH = YES;
				COPY_PHASE_STRIP = NO;
				DEBUG_INFORMATION_FORMAT = dwarf;
				ENABLE_STRICT_OBJC_MSGSEND = YES;
				ENABLE_TESTABILITY = YES;
				GCC_C_LANGUAGE_STANDARD = gnu11;
				GCC_DYNAMIC_NO_PIC = NO;
				GCC_NO_COMMON_BLOCKS = YES;
				GCC_OPTIMIZATION_LEVEL = 0;
				GCC_PREPROCESSOR_DEFINITIONS = (
					"DEBUG=1",
					"$(inherited)",
				);
				GCC_WARN_64_TO_32_BIT_CONVERSION = YES;
				GCC_WARN_ABOUT_RETURN_TYPE = YES_ERROR;
				GCC_WARN_UNDECLARED_SELECTOR = YES;
				GCC_WARN_UNINITIALIZED_AUTOS = YES_AGGRESSIVE;
				GCC_WARN_UNUSED_FUNCTION = YES;
				GCC_WARN_UNUSED_VARIABLE = YES;
				IPHONEOS_DEPLOYMENT_TARGET = 14.0;
				MTL_ENABLE_DEBUG_INFO = INCLUDE_SOURCE;
				MTL_FAST_MATH = YES;
				ONLY_ACTIVE_ARCH = YES;
				SDKROOT = iphoneos;
				SWIFT_ACTIVE_COMPILATION_CONDITIONS = DEBUG;
				SWIFT_OPTIMIZATION_LEVEL = "-Onone";
			};
			name = Debug;
		};
		2C40805B25162A9B00E8614A /* Release */ = {
			isa = XCBuildConfiguration;
			buildSettings = {
				ALWAYS_SEARCH_USER_PATHS = NO;
				CLANG_ANALYZER_NONNULL = YES;
				CLANG_ANALYZER_NUMBER_OBJECT_CONVERSION = YES_AGGRESSIVE;
				CLANG_CXX_LANGUAGE_STANDARD = "gnu++14";
				CLANG_CXX_LIBRARY = "libc++";
				CLANG_ENABLE_MODULES = YES;
				CLANG_ENABLE_OBJC_ARC = YES;
				CLANG_ENABLE_OBJC_WEAK = YES;
				CLANG_WARN_BLOCK_CAPTURE_AUTORELEASING = YES;
				CLANG_WARN_BOOL_CONVERSION = YES;
				CLANG_WARN_COMMA = YES;
				CLANG_WARN_CONSTANT_CONVERSION = YES;
				CLANG_WARN_DEPRECATED_OBJC_IMPLEMENTATIONS = YES;
				CLANG_WARN_DIRECT_OBJC_ISA_USAGE = YES_ERROR;
				CLANG_WARN_DOCUMENTATION_COMMENTS = YES;
				CLANG_WARN_EMPTY_BODY = YES;
				CLANG_WARN_ENUM_CONVERSION = YES;
				CLANG_WARN_INFINITE_RECURSION = YES;
				CLANG_WARN_INT_CONVERSION = YES;
				CLANG_WARN_NON_LITERAL_NULL_CONVERSION = YES;
				CLANG_WARN_OBJC_IMPLICIT_RETAIN_SELF = YES;
				CLANG_WARN_OBJC_LITERAL_CONVERSION = YES;
				CLANG_WARN_OBJC_ROOT_CLASS = YES_ERROR;
				CLANG_WARN_QUOTED_INCLUDE_IN_FRAMEWORK_HEADER = YES;
				CLANG_WARN_RANGE_LOOP_ANALYSIS = YES;
				CLANG_WARN_STRICT_PROTOTYPES = YES;
				CLANG_WARN_SUSPICIOUS_MOVE = YES;
				CLANG_WARN_UNGUARDED_AVAILABILITY = YES_AGGRESSIVE;
				CLANG_WARN_UNREACHABLE_CODE = YES;
				CLANG_WARN__DUPLICATE_METHOD_MATCH = YES;
				COPY_PHASE_STRIP = NO;
				DEBUG_INFORMATION_FORMAT = "dwarf-with-dsym";
				ENABLE_NS_ASSERTIONS = NO;
				ENABLE_STRICT_OBJC_MSGSEND = YES;
				GCC_C_LANGUAGE_STANDARD = gnu11;
				GCC_NO_COMMON_BLOCKS = YES;
				GCC_WARN_64_TO_32_BIT_CONVERSION = YES;
				GCC_WARN_ABOUT_RETURN_TYPE = YES_ERROR;
				GCC_WARN_UNDECLARED_SELECTOR = YES;
				GCC_WARN_UNINITIALIZED_AUTOS = YES_AGGRESSIVE;
				GCC_WARN_UNUSED_FUNCTION = YES;
				GCC_WARN_UNUSED_VARIABLE = YES;
				IPHONEOS_DEPLOYMENT_TARGET = 14.0;
				MTL_ENABLE_DEBUG_INFO = NO;
				MTL_FAST_MATH = YES;
				SDKROOT = iphoneos;
				SWIFT_COMPILATION_MODE = wholemodule;
				SWIFT_OPTIMIZATION_LEVEL = "-O";
				VALIDATE_PRODUCT = YES;
			};
			name = Release;
		};
		2C40805D25162A9B00E8614A /* Debug */ = {
			isa = XCBuildConfiguration;
			buildSettings = {
				ASSETCATALOG_COMPILER_APPICON_NAME = AppIcon;
				ASSETCATALOG_COMPILER_GLOBAL_ACCENT_COLOR_NAME = AccentColor;
				CODE_SIGN_STYLE = Automatic;
				DEVELOPMENT_TEAM = CNG5L6KZNS;
				INFOPLIST_FILE = Accelerometer/Info.plist;
				LD_RUNPATH_SEARCH_PATHS = (
					"$(inherited)",
					"@executable_path/Frameworks",
				);
				PRODUCT_BUNDLE_IDENTIFIER = app.Ito.Akki.Accelerometer20200920;
				PRODUCT_NAME = "$(TARGET_NAME)";
				SWIFT_VERSION = 5.0;
				TARGETED_DEVICE_FAMILY = "1,2";
			};
			name = Debug;
		};
		2C40805E25162A9B00E8614A /* Release */ = {
			isa = XCBuildConfiguration;
			buildSettings = {
				ASSETCATALOG_COMPILER_APPICON_NAME = AppIcon;
				ASSETCATALOG_COMPILER_GLOBAL_ACCENT_COLOR_NAME = AccentColor;
				CODE_SIGN_STYLE = Automatic;
				DEVELOPMENT_TEAM = CNG5L6KZNS;
				INFOPLIST_FILE = Accelerometer/Info.plist;
				LD_RUNPATH_SEARCH_PATHS = (
					"$(inherited)",
					"@executable_path/Frameworks",
				);
				PRODUCT_BUNDLE_IDENTIFIER = app.Ito.Akki.Accelerometer20200920;
				PRODUCT_NAME = "$(TARGET_NAME)";
				SWIFT_VERSION = 5.0;
				TARGETED_DEVICE_FAMILY = "1,2";
			};
			name = Release;
		};
		2C40806025162A9B00E8614A /* Debug */ = {
			isa = XCBuildConfiguration;
			buildSettings = {
				ALWAYS_EMBED_SWIFT_STANDARD_LIBRARIES = YES;
				BUNDLE_LOADER = "$(TEST_HOST)";
				CODE_SIGN_STYLE = Automatic;
				INFOPLIST_FILE = AccelerometerTests/Info.plist;
				IPHONEOS_DEPLOYMENT_TARGET = 14.0;
				LD_RUNPATH_SEARCH_PATHS = (
					"$(inherited)",
					"@executable_path/Frameworks",
					"@loader_path/Frameworks",
				);
				PRODUCT_BUNDLE_IDENTIFIER = app.Ito.Akki.AccelerometerTests;
				PRODUCT_NAME = "$(TARGET_NAME)";
				SWIFT_VERSION = 5.0;
				TARGETED_DEVICE_FAMILY = "1,2";
				TEST_HOST = "$(BUILT_PRODUCTS_DIR)/Accelerometer.app/Accelerometer";
			};
			name = Debug;
		};
		2C40806125162A9B00E8614A /* Release */ = {
			isa = XCBuildConfiguration;
			buildSettings = {
				ALWAYS_EMBED_SWIFT_STANDARD_LIBRARIES = YES;
				BUNDLE_LOADER = "$(TEST_HOST)";
				CODE_SIGN_STYLE = Automatic;
				INFOPLIST_FILE = AccelerometerTests/Info.plist;
				IPHONEOS_DEPLOYMENT_TARGET = 14.0;
				LD_RUNPATH_SEARCH_PATHS = (
					"$(inherited)",
					"@executable_path/Frameworks",
					"@loader_path/Frameworks",
				);
				PRODUCT_BUNDLE_IDENTIFIER = app.Ito.Akki.AccelerometerTests;
				PRODUCT_NAME = "$(TARGET_NAME)";
				SWIFT_VERSION = 5.0;
				TARGETED_DEVICE_FAMILY = "1,2";
				TEST_HOST = "$(BUILT_PRODUCTS_DIR)/Accelerometer.app/Accelerometer";
			};
			name = Release;
		};
		2C40806325162A9B00E8614A /* Debug */ = {
			isa = XCBuildConfiguration;
			buildSettings = {
				ALWAYS_EMBED_SWIFT_STANDARD_LIBRARIES = YES;
				CODE_SIGN_STYLE = Automatic;
				INFOPLIST_FILE = AccelerometerUITests/Info.plist;
				LD_RUNPATH_SEARCH_PATHS = (
					"$(inherited)",
					"@executable_path/Frameworks",
					"@loader_path/Frameworks",
				);
				PRODUCT_BUNDLE_IDENTIFIER = app.Ito.Akki.AccelerometerUITests;
				PRODUCT_NAME = "$(TARGET_NAME)";
				SWIFT_VERSION = 5.0;
				TARGETED_DEVICE_FAMILY = "1,2";
				TEST_TARGET_NAME = Accelerometer;
			};
			name = Debug;
		};
		2C40806425162A9B00E8614A /* Release */ = {
			isa = XCBuildConfiguration;
			buildSettings = {
				ALWAYS_EMBED_SWIFT_STANDARD_LIBRARIES = YES;
				CODE_SIGN_STYLE = Automatic;
				INFOPLIST_FILE = AccelerometerUITests/Info.plist;
				LD_RUNPATH_SEARCH_PATHS = (
					"$(inherited)",
					"@executable_path/Frameworks",
					"@loader_path/Frameworks",
				);
				PRODUCT_BUNDLE_IDENTIFIER = app.Ito.Akki.AccelerometerUITests;
				PRODUCT_NAME = "$(TARGET_NAME)";
				SWIFT_VERSION = 5.0;
				TARGETED_DEVICE_FAMILY = "1,2";
				TEST_TARGET_NAME = Accelerometer;
			};
			name = Release;
		};
/* End XCBuildConfiguration section */

/* Begin XCConfigurationList section */
		2C40802D25162A9700E8614A /* Build configuration list for PBXProject "Accelerometer" */ = {
			isa = XCConfigurationList;
			buildConfigurations = (
				2C40805A25162A9B00E8614A /* Debug */,
				2C40805B25162A9B00E8614A /* Release */,
			);
			defaultConfigurationIsVisible = 0;
			defaultConfigurationName = Release;
		};
		2C40805C25162A9B00E8614A /* Build configuration list for PBXNativeTarget "Accelerometer" */ = {
			isa = XCConfigurationList;
			buildConfigurations = (
				2C40805D25162A9B00E8614A /* Debug */,
				2C40805E25162A9B00E8614A /* Release */,
			);
			defaultConfigurationIsVisible = 0;
			defaultConfigurationName = Release;
		};
		2C40805F25162A9B00E8614A /* Build configuration list for PBXNativeTarget "AccelerometerTests" */ = {
			isa = XCConfigurationList;
			buildConfigurations = (
				2C40806025162A9B00E8614A /* Debug */,
				2C40806125162A9B00E8614A /* Release */,
			);
			defaultConfigurationIsVisible = 0;
			defaultConfigurationName = Release;
		};
		2C40806225162A9B00E8614A /* Build configuration list for PBXNativeTarget "AccelerometerUITests" */ = {
			isa = XCConfigurationList;
			buildConfigurations = (
				2C40806325162A9B00E8614A /* Debug */,
				2C40806425162A9B00E8614A /* Release */,
			);
			defaultConfigurationIsVisible = 0;
			defaultConfigurationName = Release;
		};
/* End XCConfigurationList section */
	};
	rootObject = 2C40802A25162A9700E8614A /* Project object */;
}
